// !$*UTF8*$!
{
	archiveVersion = 1;
	classes = {
	};
	objectVersion = 77;
	objects = {

/* Begin PBXBuildFile section */
		F1A28FA92D10A75F00AABFF8 /* SwiftWhisper in Frameworks */ = {isa = PBXBuildFile; productRef = F1A28FA82D10A75F00AABFF8 /* SwiftWhisper */; };
		F1A28FAC2D10A78B00AABFF8 /* AudioKit in Frameworks */ = {isa = PBXBuildFile; productRef = F1A28FAB2D10A78B00AABFF8 /* AudioKit */; };
/* End PBXBuildFile section */

/* Begin PBXContainerItemProxy section */
		F189AA662D10A4CA001B4D9D /* PBXContainerItemProxy */ = {
			isa = PBXContainerItemProxy;
			containerPortal = F189AA4C2D10A4C9001B4D9D /* Project object */;
			proxyType = 1;
			remoteGlobalIDString = F189AA532D10A4C9001B4D9D;
			remoteInfo = "whispr-blow";
		};
		F189AA702D10A4CA001B4D9D /* PBXContainerItemProxy */ = {
			isa = PBXContainerItemProxy;
			containerPortal = F189AA4C2D10A4C9001B4D9D /* Project object */;
			proxyType = 1;
			remoteGlobalIDString = F189AA532D10A4C9001B4D9D;
			remoteInfo = "whispr-blow";
		};
/* End PBXContainerItemProxy section */

/* Begin PBXFileReference section */
		F189AA542D10A4C9001B4D9D /* whispr-blow.app */ = {isa = PBXFileReference; explicitFileType = wrapper.application; includeInIndex = 0; path = "whispr-blow.app"; sourceTree = BUILT_PRODUCTS_DIR; };
		F189AA652D10A4CA001B4D9D /* whispr-blowTests.xctest */ = {isa = PBXFileReference; explicitFileType = wrapper.cfbundle; includeInIndex = 0; path = "whispr-blowTests.xctest"; sourceTree = BUILT_PRODUCTS_DIR; };
		F189AA6F2D10A4CA001B4D9D /* whispr-blowUITests.xctest */ = {isa = PBXFileReference; explicitFileType = wrapper.cfbundle; includeInIndex = 0; path = "whispr-blowUITests.xctest"; sourceTree = BUILT_PRODUCTS_DIR; };
/* End PBXFileReference section */

/* Begin PBXFileSystemSynchronizedRootGroup section */
		F189AA562D10A4C9001B4D9D /* whispr-blow */ = {
			isa = PBXFileSystemSynchronizedRootGroup;
			path = "whispr-blow";
			sourceTree = "<group>";
		};
		F189AA682D10A4CA001B4D9D /* whispr-blowTests */ = {
			isa = PBXFileSystemSynchronizedRootGroup;
			path = "whispr-blowTests";
			sourceTree = "<group>";
		};
		F189AA722D10A4CA001B4D9D /* whispr-blowUITests */ = {
			isa = PBXFileSystemSynchronizedRootGroup;
			path = "whispr-blowUITests";
			sourceTree = "<group>";
		};
/* End PBXFileSystemSynchronizedRootGroup section */

/* Begin PBXFrameworksBuildPhase section */
		F189AA512D10A4C9001B4D9D /* Frameworks */ = {
			isa = PBXFrameworksBuildPhase;
			buildActionMask = 2147483647;
			files = (
				F1A28FAC2D10A78B00AABFF8 /* AudioKit in Frameworks */,
				F1A28FA92D10A75F00AABFF8 /* SwiftWhisper in Frameworks */,
			);
			runOnlyForDeploymentPostprocessing = 0;
		};
		F189AA622D10A4CA001B4D9D /* Frameworks */ = {
			isa = PBXFrameworksBuildPhase;
			buildActionMask = 2147483647;
			files = (
			);
			runOnlyForDeploymentPostprocessing = 0;
		};
		F189AA6C2D10A4CA001B4D9D /* Frameworks */ = {
			isa = PBXFrameworksBuildPhase;
			buildActionMask = 2147483647;
			files = (
			);
			runOnlyForDeploymentPostprocessing = 0;
		};
/* End PBXFrameworksBuildPhase section */

/* Begin PBXGroup section */
		F189AA4B2D10A4C9001B4D9D = {
			isa = PBXGroup;
			children = (
				F189AA562D10A4C9001B4D9D /* whispr-blow */,
				F189AA682D10A4CA001B4D9D /* whispr-blowTests */,
				F189AA722D10A4CA001B4D9D /* whispr-blowUITests */,
				F189AA552D10A4C9001B4D9D /* Products */,
			);
			sourceTree = "<group>";
		};
		F189AA552D10A4C9001B4D9D /* Products */ = {
			isa = PBXGroup;
			children = (
				F189AA542D10A4C9001B4D9D /* whispr-blow.app */,
				F189AA652D10A4CA001B4D9D /* whispr-blowTests.xctest */,
				F189AA6F2D10A4CA001B4D9D /* whispr-blowUITests.xctest */,
			);
			name = Products;
			sourceTree = "<group>";
		};
/* End PBXGroup section */

/* Begin PBXNativeTarget section */
		F189AA532D10A4C9001B4D9D /* whispr-blow */ = {
			isa = PBXNativeTarget;
			buildConfigurationList = F189AA792D10A4CA001B4D9D /* Build configuration list for PBXNativeTarget "whispr-blow" */;
			buildPhases = (
				F189AA502D10A4C9001B4D9D /* Sources */,
				F189AA512D10A4C9001B4D9D /* Frameworks */,
				F189AA522D10A4C9001B4D9D /* Resources */,
			);
			buildRules = (
			);
			dependencies = (
			);
			fileSystemSynchronizedGroups = (
				F189AA562D10A4C9001B4D9D /* whispr-blow */,
			);
			name = "whispr-blow";
			packageProductDependencies = (
				F1A28FA82D10A75F00AABFF8 /* SwiftWhisper */,
				F1A28FAB2D10A78B00AABFF8 /* AudioKit */,
			);
			productName = "whispr-blow";
			productReference = F189AA542D10A4C9001B4D9D /* whispr-blow.app */;
			productType = "com.apple.product-type.application";
		};
		F189AA642D10A4CA001B4D9D /* whispr-blowTests */ = {
			isa = PBXNativeTarget;
			buildConfigurationList = F189AA7C2D10A4CA001B4D9D /* Build configuration list for PBXNativeTarget "whispr-blowTests" */;
			buildPhases = (
				F189AA612D10A4CA001B4D9D /* Sources */,
				F189AA622D10A4CA001B4D9D /* Frameworks */,
				F189AA632D10A4CA001B4D9D /* Resources */,
			);
			buildRules = (
			);
			dependencies = (
				F189AA672D10A4CA001B4D9D /* PBXTargetDependency */,
			);
			fileSystemSynchronizedGroups = (
				F189AA682D10A4CA001B4D9D /* whispr-blowTests */,
			);
			name = "whispr-blowTests";
			packageProductDependencies = (
			);
			productName = "whispr-blowTests";
			productReference = F189AA652D10A4CA001B4D9D /* whispr-blowTests.xctest */;
			productType = "com.apple.product-type.bundle.unit-test";
		};
		F189AA6E2D10A4CA001B4D9D /* whispr-blowUITests */ = {
			isa = PBXNativeTarget;
			buildConfigurationList = F189AA7F2D10A4CA001B4D9D /* Build configuration list for PBXNativeTarget "whispr-blowUITests" */;
			buildPhases = (
				F189AA6B2D10A4CA001B4D9D /* Sources */,
				F189AA6C2D10A4CA001B4D9D /* Frameworks */,
				F189AA6D2D10A4CA001B4D9D /* Resources */,
			);
			buildRules = (
			);
			dependencies = (
				F189AA712D10A4CA001B4D9D /* PBXTargetDependency */,
			);
			fileSystemSynchronizedGroups = (
				F189AA722D10A4CA001B4D9D /* whispr-blowUITests */,
			);
			name = "whispr-blowUITests";
			packageProductDependencies = (
			);
			productName = "whispr-blowUITests";
			productReference = F189AA6F2D10A4CA001B4D9D /* whispr-blowUITests.xctest */;
			productType = "com.apple.product-type.bundle.ui-testing";
		};
/* End PBXNativeTarget section */

/* Begin PBXProject section */
		F189AA4C2D10A4C9001B4D9D /* Project object */ = {
			isa = PBXProject;
			attributes = {
				BuildIndependentTargetsInParallel = 1;
				LastSwiftUpdateCheck = 1620;
				LastUpgradeCheck = 1620;
				TargetAttributes = {
					F189AA532D10A4C9001B4D9D = {
						CreatedOnToolsVersion = 16.2;
					};
					F189AA642D10A4CA001B4D9D = {
						CreatedOnToolsVersion = 16.2;
						TestTargetID = F189AA532D10A4C9001B4D9D;
					};
					F189AA6E2D10A4CA001B4D9D = {
						CreatedOnToolsVersion = 16.2;
						TestTargetID = F189AA532D10A4C9001B4D9D;
					};
				};
			};
			buildConfigurationList = F189AA4F2D10A4C9001B4D9D /* Build configuration list for PBXProject "whispr-blow" */;
			developmentRegion = en;
			hasScannedForEncodings = 0;
			knownRegions = (
				en,
				Base,
			);
			mainGroup = F189AA4B2D10A4C9001B4D9D;
			minimizedProjectReferenceProxies = 1;
			packageReferences = (
				F1A28FA72D10A75F00AABFF8 /* XCRemoteSwiftPackageReference "SwiftWhisper" */,
				F1A28FAA2D10A78B00AABFF8 /* XCRemoteSwiftPackageReference "AudioKit" */,
			);
			preferredProjectObjectVersion = 77;
			productRefGroup = F189AA552D10A4C9001B4D9D /* Products */;
			projectDirPath = "";
			projectRoot = "";
			targets = (
				F189AA532D10A4C9001B4D9D /* whispr-blow */,
				F189AA642D10A4CA001B4D9D /* whispr-blowTests */,
				F189AA6E2D10A4CA001B4D9D /* whispr-blowUITests */,
			);
		};
/* End PBXProject section */

/* Begin PBXResourcesBuildPhase section */
		F189AA522D10A4C9001B4D9D /* Resources */ = {
			isa = PBXResourcesBuildPhase;
			buildActionMask = 2147483647;
			files = (
			);
			runOnlyForDeploymentPostprocessing = 0;
		};
		F189AA632D10A4CA001B4D9D /* Resources */ = {
			isa = PBXResourcesBuildPhase;
			buildActionMask = 2147483647;
			files = (
			);
			runOnlyForDeploymentPostprocessing = 0;
		};
		F189AA6D2D10A4CA001B4D9D /* Resources */ = {
			isa = PBXResourcesBuildPhase;
			buildActionMask = 2147483647;
			files = (
			);
			runOnlyForDeploymentPostprocessing = 0;
		};
/* End PBXResourcesBuildPhase section */

/* Begin PBXSourcesBuildPhase section */
		F189AA502D10A4C9001B4D9D /* Sources */ = {
			isa = PBXSourcesBuildPhase;
			buildActionMask = 2147483647;
			files = (
			);
			runOnlyForDeploymentPostprocessing = 0;
		};
		F189AA612D10A4CA001B4D9D /* Sources */ = {
			isa = PBXSourcesBuildPhase;
			buildActionMask = 2147483647;
			files = (
			);
			runOnlyForDeploymentPostprocessing = 0;
		};
		F189AA6B2D10A4CA001B4D9D /* Sources */ = {
			isa = PBXSourcesBuildPhase;
			buildActionMask = 2147483647;
			files = (
			);
			runOnlyForDeploymentPostprocessing = 0;
		};
/* End PBXSourcesBuildPhase section */

/* Begin PBXTargetDependency section */
		F189AA672D10A4CA001B4D9D /* PBXTargetDependency */ = {
			isa = PBXTargetDependency;
			target = F189AA532D10A4C9001B4D9D /* whispr-blow */;
			targetProxy = F189AA662D10A4CA001B4D9D /* PBXContainerItemProxy */;
		};
		F189AA712D10A4CA001B4D9D /* PBXTargetDependency */ = {
			isa = PBXTargetDependency;
			target = F189AA532D10A4C9001B4D9D /* whispr-blow */;
			targetProxy = F189AA702D10A4CA001B4D9D /* PBXContainerItemProxy */;
		};
/* End PBXTargetDependency section */

/* Begin XCBuildConfiguration section */
		F189AA772D10A4CA001B4D9D /* Debug */ = {
			isa = XCBuildConfiguration;
			buildSettings = {
				ALWAYS_SEARCH_USER_PATHS = NO;
				ASSETCATALOG_COMPILER_GENERATE_SWIFT_ASSET_SYMBOL_EXTENSIONS = YES;
				CLANG_ANALYZER_NONNULL = YES;
				CLANG_ANALYZER_NUMBER_OBJECT_CONVERSION = YES_AGGRESSIVE;
				CLANG_CXX_LANGUAGE_STANDARD = "gnu++20";
				CLANG_ENABLE_MODULES = YES;
				CLANG_ENABLE_OBJC_ARC = YES;
				CLANG_ENABLE_OBJC_WEAK = YES;
				CLANG_WARN_BLOCK_CAPTURE_AUTORELEASING = YES;
				CLANG_WARN_BOOL_CONVERSION = YES;
				CLANG_WARN_COMMA = YES;
				CLANG_WARN_CONSTANT_CONVERSION = YES;
				CLANG_WARN_DEPRECATED_OBJC_IMPLEMENTATIONS = YES;
				CLANG_WARN_DIRECT_OBJC_ISA_USAGE = YES_ERROR;
				CLANG_WARN_DOCUMENTATION_COMMENTS = YES;
				CLANG_WARN_EMPTY_BODY = YES;
				CLANG_WARN_ENUM_CONVERSION = YES;
				CLANG_WARN_INFINITE_RECURSION = YES;
				CLANG_WARN_INT_CONVERSION = YES;
				CLANG_WARN_NON_LITERAL_NULL_CONVERSION = YES;
				CLANG_WARN_OBJC_IMPLICIT_RETAIN_SELF = YES;
				CLANG_WARN_OBJC_LITERAL_CONVERSION = YES;
				CLANG_WARN_OBJC_ROOT_CLASS = YES_ERROR;
				CLANG_WARN_QUOTED_INCLUDE_IN_FRAMEWORK_HEADER = YES;
				CLANG_WARN_RANGE_LOOP_ANALYSIS = YES;
				CLANG_WARN_STRICT_PROTOTYPES = YES;
				CLANG_WARN_SUSPICIOUS_MOVE = YES;
				CLANG_WARN_UNGUARDED_AVAILABILITY = YES_AGGRESSIVE;
				CLANG_WARN_UNREACHABLE_CODE = YES;
				CLANG_WARN__DUPLICATE_METHOD_MATCH = YES;
				COPY_PHASE_STRIP = NO;
				DEBUG_INFORMATION_FORMAT = dwarf;
				ENABLE_STRICT_OBJC_MSGSEND = YES;
				ENABLE_TESTABILITY = YES;
				ENABLE_USER_SCRIPT_SANDBOXING = YES;
				GCC_C_LANGUAGE_STANDARD = gnu17;
				GCC_DYNAMIC_NO_PIC = NO;
				GCC_NO_COMMON_BLOCKS = YES;
				GCC_OPTIMIZATION_LEVEL = 0;
				GCC_PREPROCESSOR_DEFINITIONS = (
					"DEBUG=1",
					"$(inherited)",
				);
				GCC_WARN_64_TO_32_BIT_CONVERSION = YES;
				GCC_WARN_ABOUT_RETURN_TYPE = YES_ERROR;
				GCC_WARN_UNDECLARED_SELECTOR = YES;
				GCC_WARN_UNINITIALIZED_AUTOS = YES_AGGRESSIVE;
				GCC_WARN_UNUSED_FUNCTION = YES;
				GCC_WARN_UNUSED_VARIABLE = YES;
				LOCALIZATION_PREFERS_STRING_CATALOGS = YES;
				MTL_ENABLE_DEBUG_INFO = INCLUDE_SOURCE;
				MTL_FAST_MATH = YES;
				ONLY_ACTIVE_ARCH = YES;
				SWIFT_ACTIVE_COMPILATION_CONDITIONS = "DEBUG $(inherited)";
				SWIFT_OPTIMIZATION_LEVEL = "-Onone";
			};
			name = Debug;
		};
		F189AA782D10A4CA001B4D9D /* Release */ = {
			isa = XCBuildConfiguration;
			buildSettings = {
				ALWAYS_SEARCH_USER_PATHS = NO;
				ASSETCATALOG_COMPILER_GENERATE_SWIFT_ASSET_SYMBOL_EXTENSIONS = YES;
				CLANG_ANALYZER_NONNULL = YES;
				CLANG_ANALYZER_NUMBER_OBJECT_CONVERSION = YES_AGGRESSIVE;
				CLANG_CXX_LANGUAGE_STANDARD = "gnu++20";
				CLANG_ENABLE_MODULES = YES;
				CLANG_ENABLE_OBJC_ARC = YES;
				CLANG_ENABLE_OBJC_WEAK = YES;
				CLANG_WARN_BLOCK_CAPTURE_AUTORELEASING = YES;
				CLANG_WARN_BOOL_CONVERSION = YES;
				CLANG_WARN_COMMA = YES;
				CLANG_WARN_CONSTANT_CONVERSION = YES;
				CLANG_WARN_DEPRECATED_OBJC_IMPLEMENTATIONS = YES;
				CLANG_WARN_DIRECT_OBJC_ISA_USAGE = YES_ERROR;
				CLANG_WARN_DOCUMENTATION_COMMENTS = YES;
				CLANG_WARN_EMPTY_BODY = YES;
				CLANG_WARN_ENUM_CONVERSION = YES;
				CLANG_WARN_INFINITE_RECURSION = YES;
				CLANG_WARN_INT_CONVERSION = YES;
				CLANG_WARN_NON_LITERAL_NULL_CONVERSION = YES;
				CLANG_WARN_OBJC_IMPLICIT_RETAIN_SELF = YES;
				CLANG_WARN_OBJC_LITERAL_CONVERSION = YES;
				CLANG_WARN_OBJC_ROOT_CLASS = YES_ERROR;
				CLANG_WARN_QUOTED_INCLUDE_IN_FRAMEWORK_HEADER = YES;
				CLANG_WARN_RANGE_LOOP_ANALYSIS = YES;
				CLANG_WARN_STRICT_PROTOTYPES = YES;
				CLANG_WARN_SUSPICIOUS_MOVE = YES;
				CLANG_WARN_UNGUARDED_AVAILABILITY = YES_AGGRESSIVE;
				CLANG_WARN_UNREACHABLE_CODE = YES;
				CLANG_WARN__DUPLICATE_METHOD_MATCH = YES;
				COPY_PHASE_STRIP = NO;
				DEBUG_INFORMATION_FORMAT = "dwarf-with-dsym";
				ENABLE_NS_ASSERTIONS = NO;
				ENABLE_STRICT_OBJC_MSGSEND = YES;
				ENABLE_USER_SCRIPT_SANDBOXING = YES;
				GCC_C_LANGUAGE_STANDARD = gnu17;
				GCC_NO_COMMON_BLOCKS = YES;
				GCC_WARN_64_TO_32_BIT_CONVERSION = YES;
				GCC_WARN_ABOUT_RETURN_TYPE = YES_ERROR;
				GCC_WARN_UNDECLARED_SELECTOR = YES;
				GCC_WARN_UNINITIALIZED_AUTOS = YES_AGGRESSIVE;
				GCC_WARN_UNUSED_FUNCTION = YES;
				GCC_WARN_UNUSED_VARIABLE = YES;
				LOCALIZATION_PREFERS_STRING_CATALOGS = YES;
				MTL_ENABLE_DEBUG_INFO = NO;
				MTL_FAST_MATH = YES;
				SWIFT_COMPILATION_MODE = wholemodule;
			};
			name = Release;
		};
		F189AA7A2D10A4CA001B4D9D /* Debug */ = {
			isa = XCBuildConfiguration;
			buildSettings = {
				ASSETCATALOG_COMPILER_APPICON_NAME = AppIcon;
				ASSETCATALOG_COMPILER_GLOBAL_ACCENT_COLOR_NAME = AccentColor;
				CODE_SIGN_ENTITLEMENTS = "whispr-blow/whispr_blow.entitlements";
				CODE_SIGN_STYLE = Automatic;
				CURRENT_PROJECT_VERSION = 1;
				DEVELOPMENT_ASSET_PATHS = "\"whispr-blow/Preview Content\"";
				DEVELOPMENT_TEAM = JS93QYA2R2;
				ENABLE_HARDENED_RUNTIME = YES;
				ENABLE_PREVIEWS = YES;
				GENERATE_INFOPLIST_FILE = YES;
				"INFOPLIST_KEY_UIApplicationSceneManifest_Generation[sdk=iphoneos*]" = YES;
				"INFOPLIST_KEY_UIApplicationSceneManifest_Generation[sdk=iphonesimulator*]" = YES;
				"INFOPLIST_KEY_UIApplicationSupportsIndirectInputEvents[sdk=iphoneos*]" = YES;
				"INFOPLIST_KEY_UIApplicationSupportsIndirectInputEvents[sdk=iphonesimulator*]" = YES;
				"INFOPLIST_KEY_UILaunchScreen_Generation[sdk=iphoneos*]" = YES;
				"INFOPLIST_KEY_UILaunchScreen_Generation[sdk=iphonesimulator*]" = YES;
				"INFOPLIST_KEY_UIStatusBarStyle[sdk=iphoneos*]" = UIStatusBarStyleDefault;
				"INFOPLIST_KEY_UIStatusBarStyle[sdk=iphonesimulator*]" = UIStatusBarStyleDefault;
				INFOPLIST_KEY_UISupportedInterfaceOrientations_iPad = "UIInterfaceOrientationPortrait UIInterfaceOrientationPortraitUpsideDown UIInterfaceOrientationLandscapeLeft UIInterfaceOrientationLandscapeRight";
				INFOPLIST_KEY_UISupportedInterfaceOrientations_iPhone = "UIInterfaceOrientationPortrait UIInterfaceOrientationLandscapeLeft UIInterfaceOrientationLandscapeRight";
				IPHONEOS_DEPLOYMENT_TARGET = 18.2;
				LD_RUNPATH_SEARCH_PATHS = "@executable_path/Frameworks";
				"LD_RUNPATH_SEARCH_PATHS[sdk=macosx*]" = "@executable_path/../Frameworks";
				MACOSX_DEPLOYMENT_TARGET = 15.1;
				MARKETING_VERSION = 1.0;
				PRODUCT_BUNDLE_IDENTIFIER = "com.maxwofford.whispr-blow";
				PRODUCT_NAME = "$(TARGET_NAME)";
				SDKROOT = auto;
				SUPPORTED_PLATFORMS = "iphoneos iphonesimulator macosx xros xrsimulator";
				SWIFT_EMIT_LOC_STRINGS = YES;
				SWIFT_VERSION = 5.0;
				TARGETED_DEVICE_FAMILY = "1,2,7";
				XROS_DEPLOYMENT_TARGET = 2.2;
			};
			name = Debug;
		};
		F189AA7B2D10A4CA001B4D9D /* Release */ = {
			isa = XCBuildConfiguration;
			buildSettings = {
				ASSETCATALOG_COMPILER_APPICON_NAME = AppIcon;
				ASSETCATALOG_COMPILER_GLOBAL_ACCENT_COLOR_NAME = AccentColor;
				CODE_SIGN_ENTITLEMENTS = "whispr-blow/whispr_blow.entitlements";
				CODE_SIGN_STYLE = Automatic;
				CURRENT_PROJECT_VERSION = 1;
				DEVELOPMENT_ASSET_PATHS = "\"whispr-blow/Preview Content\"";
				DEVELOPMENT_TEAM = JS93QYA2R2;
				ENABLE_HARDENED_RUNTIME = YES;
				ENABLE_PREVIEWS = YES;
				GENERATE_INFOPLIST_FILE = YES;
				"INFOPLIST_KEY_UIApplicationSceneManifest_Generation[sdk=iphoneos*]" = YES;
				"INFOPLIST_KEY_UIApplicationSceneManifest_Generation[sdk=iphonesimulator*]" = YES;
				"INFOPLIST_KEY_UIApplicationSupportsIndirectInputEvents[sdk=iphoneos*]" = YES;
				"INFOPLIST_KEY_UIApplicationSupportsIndirectInputEvents[sdk=iphonesimulator*]" = YES;
				"INFOPLIST_KEY_UILaunchScreen_Generation[sdk=iphoneos*]" = YES;
				"INFOPLIST_KEY_UILaunchScreen_Generation[sdk=iphonesimulator*]" = YES;
				"INFOPLIST_KEY_UIStatusBarStyle[sdk=iphoneos*]" = UIStatusBarStyleDefault;
				"INFOPLIST_KEY_UIStatusBarStyle[sdk=iphonesimulator*]" = UIStatusBarStyleDefault;
				INFOPLIST_KEY_UISupportedInterfaceOrientations_iPad = "UIInterfaceOrientationPortrait UIInterfaceOrientationPortraitUpsideDown UIInterfaceOrientationLandscapeLeft UIInterfaceOrientationLandscapeRight";
				INFOPLIST_KEY_UISupportedInterfaceOrientations_iPhone = "UIInterfaceOrientationPortrait UIInterfaceOrientationLandscapeLeft UIInterfaceOrientationLandscapeRight";
				IPHONEOS_DEPLOYMENT_TARGET = 18.2;
				LD_RUNPATH_SEARCH_PATHS = "@executable_path/Frameworks";
				"LD_RUNPATH_SEARCH_PATHS[sdk=macosx*]" = "@executable_path/../Frameworks";
				MACOSX_DEPLOYMENT_TARGET = 15.1;
				MARKETING_VERSION = 1.0;
				PRODUCT_BUNDLE_IDENTIFIER = "com.maxwofford.whispr-blow";
				PRODUCT_NAME = "$(TARGET_NAME)";
				SDKROOT = auto;
				SUPPORTED_PLATFORMS = "iphoneos iphonesimulator macosx xros xrsimulator";
				SWIFT_EMIT_LOC_STRINGS = YES;
				SWIFT_VERSION = 5.0;
				TARGETED_DEVICE_FAMILY = "1,2,7";
				XROS_DEPLOYMENT_TARGET = 2.2;
			};
			name = Release;
		};
		F189AA7D2D10A4CA001B4D9D /* Debug */ = {
			isa = XCBuildConfiguration;
			buildSettings = {
				BUNDLE_LOADER = "$(TEST_HOST)";
				CODE_SIGN_STYLE = Automatic;
				CURRENT_PROJECT_VERSION = 1;
				DEVELOPMENT_TEAM = JS93QYA2R2;
				GENERATE_INFOPLIST_FILE = YES;
				IPHONEOS_DEPLOYMENT_TARGET = 18.2;
				MACOSX_DEPLOYMENT_TARGET = 15.1;
				MARKETING_VERSION = 1.0;
				PRODUCT_BUNDLE_IDENTIFIER = "com.maxwofford.whispr-blowTests";
				PRODUCT_NAME = "$(TARGET_NAME)";
				SDKROOT = auto;
				SUPPORTED_PLATFORMS = "iphoneos iphonesimulator macosx xros xrsimulator";
				SWIFT_EMIT_LOC_STRINGS = NO;
				SWIFT_VERSION = 5.0;
				TARGETED_DEVICE_FAMILY = "1,2,7";
				TEST_HOST = "$(BUILT_PRODUCTS_DIR)/whispr-blow.app/$(BUNDLE_EXECUTABLE_FOLDER_PATH)/whispr-blow";
				XROS_DEPLOYMENT_TARGET = 2.2;
			};
			name = Debug;
		};
		F189AA7E2D10A4CA001B4D9D /* Release */ = {
			isa = XCBuildConfiguration;
			buildSettings = {
				BUNDLE_LOADER = "$(TEST_HOST)";
				CODE_SIGN_STYLE = Automatic;
				CURRENT_PROJECT_VERSION = 1;
				DEVELOPMENT_TEAM = JS93QYA2R2;
				GENERATE_INFOPLIST_FILE = YES;
				IPHONEOS_DEPLOYMENT_TARGET = 18.2;
				MACOSX_DEPLOYMENT_TARGET = 15.1;
				MARKETING_VERSION = 1.0;
				PRODUCT_BUNDLE_IDENTIFIER = "com.maxwofford.whispr-blowTests";
				PRODUCT_NAME = "$(TARGET_NAME)";
				SDKROOT = auto;
				SUPPORTED_PLATFORMS = "iphoneos iphonesimulator macosx xros xrsimulator";
				SWIFT_EMIT_LOC_STRINGS = NO;
				SWIFT_VERSION = 5.0;
				TARGETED_DEVICE_FAMILY = "1,2,7";
				TEST_HOST = "$(BUILT_PRODUCTS_DIR)/whispr-blow.app/$(BUNDLE_EXECUTABLE_FOLDER_PATH)/whispr-blow";
				XROS_DEPLOYMENT_TARGET = 2.2;
			};
			name = Release;
		};
		F189AA802D10A4CA001B4D9D /* Debug */ = {
			isa = XCBuildConfiguration;
			buildSettings = {
				CODE_SIGN_STYLE = Automatic;
				CURRENT_PROJECT_VERSION = 1;
				DEVELOPMENT_TEAM = JS93QYA2R2;
				GENERATE_INFOPLIST_FILE = YES;
				IPHONEOS_DEPLOYMENT_TARGET = 18.2;
				MACOSX_DEPLOYMENT_TARGET = 15.1;
				MARKETING_VERSION = 1.0;
				PRODUCT_BUNDLE_IDENTIFIER = "com.maxwofford.whispr-blowUITests";
				PRODUCT_NAME = "$(TARGET_NAME)";
				SDKROOT = auto;
				SUPPORTED_PLATFORMS = "iphoneos iphonesimulator macosx xros xrsimulator";
				SWIFT_EMIT_LOC_STRINGS = NO;
				SWIFT_VERSION = 5.0;
				TARGETED_DEVICE_FAMILY = "1,2,7";
				TEST_TARGET_NAME = "whispr-blow";
				XROS_DEPLOYMENT_TARGET = 2.2;
			};
			name = Debug;
		};
		F189AA812D10A4CA001B4D9D /* Release */ = {
			isa = XCBuildConfiguration;
			buildSettings = {
				CODE_SIGN_STYLE = Automatic;
				CURRENT_PROJECT_VERSION = 1;
				DEVELOPMENT_TEAM = JS93QYA2R2;
				GENERATE_INFOPLIST_FILE = YES;
				IPHONEOS_DEPLOYMENT_TARGET = 18.2;
				MACOSX_DEPLOYMENT_TARGET = 15.1;
				MARKETING_VERSION = 1.0;
				PRODUCT_BUNDLE_IDENTIFIER = "com.maxwofford.whispr-blowUITests";
				PRODUCT_NAME = "$(TARGET_NAME)";
				SDKROOT = auto;
				SUPPORTED_PLATFORMS = "iphoneos iphonesimulator macosx xros xrsimulator";
				SWIFT_EMIT_LOC_STRINGS = NO;
				SWIFT_VERSION = 5.0;
				TARGETED_DEVICE_FAMILY = "1,2,7";
				TEST_TARGET_NAME = "whispr-blow";
				XROS_DEPLOYMENT_TARGET = 2.2;
			};
			name = Release;
		};
/* End XCBuildConfiguration section */

/* Begin XCConfigurationList section */
		F189AA4F2D10A4C9001B4D9D /* Build configuration list for PBXProject "whispr-blow" */ = {
			isa = XCConfigurationList;
			buildConfigurations = (
				F189AA772D10A4CA001B4D9D /* Debug */,
				F189AA782D10A4CA001B4D9D /* Release */,
			);
			defaultConfigurationIsVisible = 0;
			defaultConfigurationName = Release;
		};
		F189AA792D10A4CA001B4D9D /* Build configuration list for PBXNativeTarget "whispr-blow" */ = {
			isa = XCConfigurationList;
			buildConfigurations = (
				F189AA7A2D10A4CA001B4D9D /* Debug */,
				F189AA7B2D10A4CA001B4D9D /* Release */,
			);
			defaultConfigurationIsVisible = 0;
			defaultConfigurationName = Release;
		};
		F189AA7C2D10A4CA001B4D9D /* Build configuration list for PBXNativeTarget "whispr-blowTests" */ = {
			isa = XCConfigurationList;
			buildConfigurations = (
				F189AA7D2D10A4CA001B4D9D /* Debug */,
				F189AA7E2D10A4CA001B4D9D /* Release */,
			);
			defaultConfigurationIsVisible = 0;
			defaultConfigurationName = Release;
		};
		F189AA7F2D10A4CA001B4D9D /* Build configuration list for PBXNativeTarget "whispr-blowUITests" */ = {
			isa = XCConfigurationList;
			buildConfigurations = (
				F189AA802D10A4CA001B4D9D /* Debug */,
				F189AA812D10A4CA001B4D9D /* Release */,
			);
			defaultConfigurationIsVisible = 0;
			defaultConfigurationName = Release;
		};
/* End XCConfigurationList section */

/* Begin XCRemoteSwiftPackageReference section */
		F1A28FA72D10A75F00AABFF8 /* XCRemoteSwiftPackageReference "SwiftWhisper" */ = {
			isa = XCRemoteSwiftPackageReference;
			repositoryURL = "https://github.com/exPHAT/SwiftWhisper";
			requirement = {
				kind = upToNextMajorVersion;
				minimumVersion = 1.2.0;
			};
		};
		F1A28FAA2D10A78B00AABFF8 /* XCRemoteSwiftPackageReference "AudioKit" */ = {
			isa = XCRemoteSwiftPackageReference;
			repositoryURL = "https://github.com/AudioKit/AudioKit";
			requirement = {
				kind = upToNextMajorVersion;
				minimumVersion = 5.6.4;
			};
		};
/* End XCRemoteSwiftPackageReference section */

/* Begin XCSwiftPackageProductDependency section */
		F1A28FA82D10A75F00AABFF8 /* SwiftWhisper */ = {
			isa = XCSwiftPackageProductDependency;
			package = F1A28FA72D10A75F00AABFF8 /* XCRemoteSwiftPackageReference "SwiftWhisper" */;
			productName = SwiftWhisper;
		};
		F1A28FAB2D10A78B00AABFF8 /* AudioKit */ = {
			isa = XCSwiftPackageProductDependency;
			package = F1A28FAA2D10A78B00AABFF8 /* XCRemoteSwiftPackageReference "AudioKit" */;
			productName = AudioKit;
		};
/* End XCSwiftPackageProductDependency section */
	};
	rootObject = F189AA4C2D10A4C9001B4D9D /* Project object */;
}
